// !$*UTF8*$!
{
	archiveVersion = 1;
	classes = {
	};
	objectVersion = 56;
	objects = {

/* Begin PBXBuildFile section */
		FE4C7D5E2C5BB06A00E00644 /* AddMusicView.swift in Sources */ = {isa = PBXBuildFile; fileRef = FE4C7D5D2C5BB06A00E00644 /* AddMusicView.swift */; };
		FE81D2292C373FB200672131 /* FavoriteButton.swift in Sources */ = {isa = PBXBuildFile; fileRef = FE81D2282C373FB200672131 /* FavoriteButton.swift */; };
		FE81D22B2C37F28200672131 /* SongRow.swift in Sources */ = {isa = PBXBuildFile; fileRef = FE81D22A2C37F28200672131 /* SongRow.swift */; };
		FE891A5C2C3AC3BD00AF6439 /* ModelData.swift in Sources */ = {isa = PBXBuildFile; fileRef = FE891A5B2C3AC3BD00AF6439 /* ModelData.swift */; };
		FE891A5E2C3AC3DE00AF6439 /* Song.swift in Sources */ = {isa = PBXBuildFile; fileRef = FE891A5D2C3AC3DE00AF6439 /* Song.swift */; };
		FE891A7F2C3AC50A00AF6439 /* songData.json in Resources */ = {isa = PBXBuildFile; fileRef = FE891A7E2C3AC50A00AF6439 /* songData.json */; };
		FE891A812C3DBB8900AF6439 /* CornerRadius.swift in Sources */ = {isa = PBXBuildFile; fileRef = FE891A802C3DBB8900AF6439 /* CornerRadius.swift */; };
		FE891A832C3DBD7E00AF6439 /* SmallPlayerView.swift in Sources */ = {isa = PBXBuildFile; fileRef = FE891A822C3DBD7E00AF6439 /* SmallPlayerView.swift */; };
		FE891A852C3DCC9F00AF6439 /* AudioManager.swift in Sources */ = {isa = PBXBuildFile; fileRef = FE891A842C3DCC9F00AF6439 /* AudioManager.swift */; };
		FE9B72D02C3F099F006E9111 /* driftingSmokeFile.mp3 in Resources */ = {isa = PBXBuildFile; fileRef = FE9B72CF2C3F099F006E9111 /* driftingSmokeFile.mp3 */; };
		FE9B72D32C3FF947006E9111 /* saveMe.mp3 in Resources */ = {isa = PBXBuildFile; fileRef = FE9B72D22C3FF947006E9111 /* saveMe.mp3 */; };
		FED693BF2C38186100DE38CF /* SongList.swift in Sources */ = {isa = PBXBuildFile; fileRef = FED693BE2C38186100DE38CF /* SongList.swift */; };
		FED693C12C3819B000DE38CF /* PlayerView.swift in Sources */ = {isa = PBXBuildFile; fileRef = FED693C02C3819B000DE38CF /* PlayerView.swift */; };
		FED693C32C385D2F00DE38CF /* MusicPlayer.swift in Sources */ = {isa = PBXBuildFile; fileRef = FED693C22C385D2F00DE38CF /* MusicPlayer.swift */; };
		FED693C52C38601000DE38CF /* MusicSlider.swift in Sources */ = {isa = PBXBuildFile; fileRef = FED693C42C38601000DE38CF /* MusicSlider.swift */; };
		FEF468522B2F683500588855 /* PipouPlayerApp.swift in Sources */ = {isa = PBXBuildFile; fileRef = FEF468512B2F683500588855 /* PipouPlayerApp.swift */; };
		FEF468542B2F683500588855 /* ContentView.swift in Sources */ = {isa = PBXBuildFile; fileRef = FEF468532B2F683500588855 /* ContentView.swift */; };
		FEF468562B2F683600588855 /* Assets.xcassets in Resources */ = {isa = PBXBuildFile; fileRef = FEF468552B2F683600588855 /* Assets.xcassets */; };
		FEF468592B2F683600588855 /* Preview Assets.xcassets in Resources */ = {isa = PBXBuildFile; fileRef = FEF468582B2F683600588855 /* Preview Assets.xcassets */; };
/* End PBXBuildFile section */

/* Begin PBXFileReference section */
		FE4C7D5D2C5BB06A00E00644 /* AddMusicView.swift */ = {isa = PBXFileReference; lastKnownFileType = sourcecode.swift; path = AddMusicView.swift; sourceTree = "<group>"; };
		FE81D2282C373FB200672131 /* FavoriteButton.swift */ = {isa = PBXFileReference; lastKnownFileType = sourcecode.swift; path = FavoriteButton.swift; sourceTree = "<group>"; };
		FE81D22A2C37F28200672131 /* SongRow.swift */ = {isa = PBXFileReference; lastKnownFileType = sourcecode.swift; path = SongRow.swift; sourceTree = "<group>"; };
		FE891A5B2C3AC3BD00AF6439 /* ModelData.swift */ = {isa = PBXFileReference; lastKnownFileType = sourcecode.swift; path = ModelData.swift; sourceTree = "<group>"; };
		FE891A5D2C3AC3DE00AF6439 /* Song.swift */ = {isa = PBXFileReference; lastKnownFileType = sourcecode.swift; path = Song.swift; sourceTree = "<group>"; };
		FE891A7E2C3AC50A00AF6439 /* songData.json */ = {isa = PBXFileReference; lastKnownFileType = text.json; path = songData.json; sourceTree = SOURCE_ROOT; };
		FE891A802C3DBB8900AF6439 /* CornerRadius.swift */ = {isa = PBXFileReference; lastKnownFileType = sourcecode.swift; path = CornerRadius.swift; sourceTree = "<group>"; };
		FE891A822C3DBD7E00AF6439 /* SmallPlayerView.swift */ = {isa = PBXFileReference; lastKnownFileType = sourcecode.swift; path = SmallPlayerView.swift; sourceTree = "<group>"; };
		FE891A842C3DCC9F00AF6439 /* AudioManager.swift */ = {isa = PBXFileReference; lastKnownFileType = sourcecode.swift; path = AudioManager.swift; sourceTree = "<group>"; };
		FE9B72CE2C3F05B8006E9111 /* Info.plist */ = {isa = PBXFileReference; lastKnownFileType = text.plist; path = Info.plist; sourceTree = "<group>"; };
		FE9B72CF2C3F099F006E9111 /* driftingSmokeFile.mp3 */ = {isa = PBXFileReference; lastKnownFileType = audio.mp3; path = driftingSmokeFile.mp3; sourceTree = "<group>"; };
		FE9B72D22C3FF947006E9111 /* saveMe.mp3 */ = {isa = PBXFileReference; lastKnownFileType = audio.mp3; path = saveMe.mp3; sourceTree = "<group>"; };
		FED693BE2C38186100DE38CF /* SongList.swift */ = {isa = PBXFileReference; lastKnownFileType = sourcecode.swift; path = SongList.swift; sourceTree = "<group>"; };
		FED693C02C3819B000DE38CF /* PlayerView.swift */ = {isa = PBXFileReference; lastKnownFileType = sourcecode.swift; path = PlayerView.swift; sourceTree = "<group>"; };
		FED693C22C385D2F00DE38CF /* MusicPlayer.swift */ = {isa = PBXFileReference; lastKnownFileType = sourcecode.swift; path = MusicPlayer.swift; sourceTree = "<group>"; };
		FED693C42C38601000DE38CF /* MusicSlider.swift */ = {isa = PBXFileReference; lastKnownFileType = sourcecode.swift; path = MusicSlider.swift; sourceTree = "<group>"; };
		FEF4684E2B2F683500588855 /* MusicPlayer.app */ = {isa = PBXFileReference; explicitFileType = wrapper.application; includeInIndex = 0; path = MusicPlayer.app; sourceTree = BUILT_PRODUCTS_DIR; };
		FEF468512B2F683500588855 /* PipouPlayerApp.swift */ = {isa = PBXFileReference; lastKnownFileType = sourcecode.swift; path = PipouPlayerApp.swift; sourceTree = "<group>"; };
		FEF468532B2F683500588855 /* ContentView.swift */ = {isa = PBXFileReference; lastKnownFileType = sourcecode.swift; path = ContentView.swift; sourceTree = "<group>"; };
		FEF468552B2F683600588855 /* Assets.xcassets */ = {isa = PBXFileReference; lastKnownFileType = folder.assetcatalog; path = Assets.xcassets; sourceTree = "<group>"; };
		FEF468582B2F683600588855 /* Preview Assets.xcassets */ = {isa = PBXFileReference; lastKnownFileType = folder.assetcatalog; path = "Preview Assets.xcassets"; sourceTree = "<group>"; };
/* End PBXFileReference section */

/* Begin PBXFrameworksBuildPhase section */
		FEF4684B2B2F683500588855 /* Frameworks */ = {
			isa = PBXFrameworksBuildPhase;
			buildActionMask = 2147483647;
			files = (
			);
			runOnlyForDeploymentPostprocessing = 0;
		};
/* End PBXFrameworksBuildPhase section */

/* Begin PBXGroup section */
		FE891A592C3AC2FD00AF6439 /* Views */ = {
			isa = PBXGroup;
			children = (
				FE81D22A2C37F28200672131 /* SongRow.swift */,
				FEF468532B2F683500588855 /* ContentView.swift */,
				FED693BE2C38186100DE38CF /* SongList.swift */,
				FED693C02C3819B000DE38CF /* PlayerView.swift */,
				FE891A822C3DBD7E00AF6439 /* SmallPlayerView.swift */,
				FE4C7D5D2C5BB06A00E00644 /* AddMusicView.swift */,
			);
			path = Views;
			sourceTree = "<group>";
		};
		FE891A5A2C3AC31300AF6439 /* Helper */ = {
			isa = PBXGroup;
			children = (
				FED693C42C38601000DE38CF /* MusicSlider.swift */,
				FED693C22C385D2F00DE38CF /* MusicPlayer.swift */,
				FE81D2282C373FB200672131 /* FavoriteButton.swift */,
				FE891A802C3DBB8900AF6439 /* CornerRadius.swift */,
			);
			path = Helper;
			sourceTree = "<group>";
		};
		FE891A7D2C3AC49D00AF6439 /* Model */ = {
			isa = PBXGroup;
			children = (
				FE891A5B2C3AC3BD00AF6439 /* ModelData.swift */,
				FE891A5D2C3AC3DE00AF6439 /* Song.swift */,
			);
			path = Model;
			sourceTree = "<group>";
		};
		FE9B72D12C3F0A3E006E9111 /* MusicFiles */ = {
			isa = PBXGroup;
			children = (
				FE9B72D22C3FF947006E9111 /* saveMe.mp3 */,
				FE9B72CF2C3F099F006E9111 /* driftingSmokeFile.mp3 */,
			);
			path = MusicFiles;
			sourceTree = "<group>";
		};
		FEF468452B2F683500588855 = {
			isa = PBXGroup;
			children = (
				FEF468502B2F683500588855 /* MusicPlayer */,
				FEF4684F2B2F683500588855 /* Products */,
			);
			sourceTree = "<group>";
		};
		FEF4684F2B2F683500588855 /* Products */ = {
			isa = PBXGroup;
			children = (
				FEF4684E2B2F683500588855 /* MusicPlayer.app */,
			);
			name = Products;
			sourceTree = "<group>";
		};
		FEF468502B2F683500588855 /* MusicPlayer */ = {
			isa = PBXGroup;
			children = (
				FE9B72CE2C3F05B8006E9111 /* Info.plist */,
				FE891A842C3DCC9F00AF6439 /* AudioManager.swift */,
				FE891A7D2C3AC49D00AF6439 /* Model */,
				FEF468512B2F683500588855 /* PipouPlayerApp.swift */,
				FE891A5A2C3AC31300AF6439 /* Helper */,
				FE891A592C3AC2FD00AF6439 /* Views */,
				FEF468552B2F683600588855 /* Assets.xcassets */,
				FEF468572B2F683600588855 /* Preview Content */,
			);
			path = MusicPlayer;
			sourceTree = "<group>";
		};
		FEF468572B2F683600588855 /* Preview Content */ = {
			isa = PBXGroup;
			children = (
				FE9B72D12C3F0A3E006E9111 /* MusicFiles */,
				FE891A7E2C3AC50A00AF6439 /* songData.json */,
				FEF468582B2F683600588855 /* Preview Assets.xcassets */,
			);
			path = "Preview Content";
			sourceTree = "<group>";
		};
/* End PBXGroup section */

/* Begin PBXNativeTarget section */
		FEF4684D2B2F683500588855 /* MusicPlayer */ = {
			isa = PBXNativeTarget;
			buildConfigurationList = FEF4685C2B2F683600588855 /* Build configuration list for PBXNativeTarget "MusicPlayer" */;
			buildPhases = (
				FEF4684A2B2F683500588855 /* Sources */,
				FEF4684B2B2F683500588855 /* Frameworks */,
				FEF4684C2B2F683500588855 /* Resources */,
			);
			buildRules = (
			);
			dependencies = (
			);
			name = MusicPlayer;
			productName = PipouPlayer;
			productReference = FEF4684E2B2F683500588855 /* MusicPlayer.app */;
			productType = "com.apple.product-type.application";
		};
/* End PBXNativeTarget section */

/* Begin PBXProject section */
		FEF468462B2F683500588855 /* Project object */ = {
			isa = PBXProject;
			attributes = {
				BuildIndependentTargetsInParallel = 1;
				LastSwiftUpdateCheck = 1510;
				LastUpgradeCheck = 1510;
				TargetAttributes = {
					FEF4684D2B2F683500588855 = {
						CreatedOnToolsVersion = 15.1;
					};
				};
			};
			buildConfigurationList = FEF468492B2F683500588855 /* Build configuration list for PBXProject "MusicPlayer" */;
			compatibilityVersion = "Xcode 14.0";
			developmentRegion = en;
			hasScannedForEncodings = 0;
			knownRegions = (
				en,
				Base,
			);
			mainGroup = FEF468452B2F683500588855;
			productRefGroup = FEF4684F2B2F683500588855 /* Products */;
			projectDirPath = "";
			projectRoot = "";
			targets = (
				FEF4684D2B2F683500588855 /* MusicPlayer */,
			);
		};
/* End PBXProject section */

/* Begin PBXResourcesBuildPhase section */
		FEF4684C2B2F683500588855 /* Resources */ = {
			isa = PBXResourcesBuildPhase;
			buildActionMask = 2147483647;
			files = (
				FEF468592B2F683600588855 /* Preview Assets.xcassets in Resources */,
				FE9B72D32C3FF947006E9111 /* saveMe.mp3 in Resources */,
				FEF468562B2F683600588855 /* Assets.xcassets in Resources */,
				FE9B72D02C3F099F006E9111 /* driftingSmokeFile.mp3 in Resources */,
				FE891A7F2C3AC50A00AF6439 /* songData.json in Resources */,
			);
			runOnlyForDeploymentPostprocessing = 0;
		};
/* End PBXResourcesBuildPhase section */

/* Begin PBXSourcesBuildPhase section */
		FEF4684A2B2F683500588855 /* Sources */ = {
			isa = PBXSourcesBuildPhase;
			buildActionMask = 2147483647;
			files = (
				FED693BF2C38186100DE38CF /* SongList.swift in Sources */,
				FE81D2292C373FB200672131 /* FavoriteButton.swift in Sources */,
				FE891A5C2C3AC3BD00AF6439 /* ModelData.swift in Sources */,
				FED693C52C38601000DE38CF /* MusicSlider.swift in Sources */,
				FE891A5E2C3AC3DE00AF6439 /* Song.swift in Sources */,
				FEF468542B2F683500588855 /* ContentView.swift in Sources */,
				FE891A812C3DBB8900AF6439 /* CornerRadius.swift in Sources */,
				FED693C12C3819B000DE38CF /* PlayerView.swift in Sources */,
				FE4C7D5E2C5BB06A00E00644 /* AddMusicView.swift in Sources */,
				FED693C32C385D2F00DE38CF /* MusicPlayer.swift in Sources */,
				FE891A852C3DCC9F00AF6439 /* AudioManager.swift in Sources */,
				FE891A832C3DBD7E00AF6439 /* SmallPlayerView.swift in Sources */,
				FEF468522B2F683500588855 /* PipouPlayerApp.swift in Sources */,
				FE81D22B2C37F28200672131 /* SongRow.swift in Sources */,
			);
			runOnlyForDeploymentPostprocessing = 0;
		};
/* End PBXSourcesBuildPhase section */

/* Begin XCBuildConfiguration section */
		FEF4685A2B2F683600588855 /* Debug */ = {
			isa = XCBuildConfiguration;
			buildSettings = {
				ALWAYS_SEARCH_USER_PATHS = NO;
				ASSETCATALOG_COMPILER_GENERATE_SWIFT_ASSET_SYMBOL_EXTENSIONS = YES;
				CLANG_ANALYZER_NONNULL = YES;
				CLANG_ANALYZER_NUMBER_OBJECT_CONVERSION = YES_AGGRESSIVE;
				CLANG_CXX_LANGUAGE_STANDARD = "gnu++20";
				CLANG_ENABLE_MODULES = YES;
				CLANG_ENABLE_OBJC_ARC = YES;
				CLANG_ENABLE_OBJC_WEAK = YES;
				CLANG_WARN_BLOCK_CAPTURE_AUTORELEASING = YES;
				CLANG_WARN_BOOL_CONVERSION = YES;
				CLANG_WARN_COMMA = YES;
				CLANG_WARN_CONSTANT_CONVERSION = YES;
				CLANG_WARN_DEPRECATED_OBJC_IMPLEMENTATIONS = YES;
				CLANG_WARN_DIRECT_OBJC_ISA_USAGE = YES_ERROR;
				CLANG_WARN_DOCUMENTATION_COMMENTS = YES;
				CLANG_WARN_EMPTY_BODY = YES;
				CLANG_WARN_ENUM_CONVERSION = YES;
				CLANG_WARN_INFINITE_RECURSION = YES;
				CLANG_WARN_INT_CONVERSION = YES;
				CLANG_WARN_NON_LITERAL_NULL_CONVERSION = YES;
				CLANG_WARN_OBJC_IMPLICIT_RETAIN_SELF = YES;
				CLANG_WARN_OBJC_LITERAL_CONVERSION = YES;
				CLANG_WARN_OBJC_ROOT_CLASS = YES_ERROR;
				CLANG_WARN_QUOTED_INCLUDE_IN_FRAMEWORK_HEADER = YES;
				CLANG_WARN_RANGE_LOOP_ANALYSIS = YES;
				CLANG_WARN_STRICT_PROTOTYPES = YES;
				CLANG_WARN_SUSPICIOUS_MOVE = YES;
				CLANG_WARN_UNGUARDED_AVAILABILITY = YES_AGGRESSIVE;
				CLANG_WARN_UNREACHABLE_CODE = YES;
				CLANG_WARN__DUPLICATE_METHOD_MATCH = YES;
				COPY_PHASE_STRIP = NO;
				DEBUG_INFORMATION_FORMAT = dwarf;
				ENABLE_STRICT_OBJC_MSGSEND = YES;
				ENABLE_TESTABILITY = YES;
				ENABLE_USER_SCRIPT_SANDBOXING = YES;
				GCC_C_LANGUAGE_STANDARD = gnu17;
				GCC_DYNAMIC_NO_PIC = NO;
				GCC_NO_COMMON_BLOCKS = YES;
				GCC_OPTIMIZATION_LEVEL = 0;
				GCC_PREPROCESSOR_DEFINITIONS = (
					"DEBUG=1",
					"$(inherited)",
				);
				GCC_WARN_64_TO_32_BIT_CONVERSION = YES;
				GCC_WARN_ABOUT_RETURN_TYPE = YES_ERROR;
				GCC_WARN_UNDECLARED_SELECTOR = YES;
				GCC_WARN_UNINITIALIZED_AUTOS = YES_AGGRESSIVE;
				GCC_WARN_UNUSED_FUNCTION = YES;
				GCC_WARN_UNUSED_VARIABLE = YES;
				IPHONEOS_DEPLOYMENT_TARGET = 17.2;
				LOCALIZATION_PREFERS_STRING_CATALOGS = YES;
				MTL_ENABLE_DEBUG_INFO = INCLUDE_SOURCE;
				MTL_FAST_MATH = YES;
				ONLY_ACTIVE_ARCH = YES;
				PRODUCT_BUNDLE_IDENTIFIER = "${PRODUCT_NAME}";
				PRODUCT_NAME = MusicPlayer;
				SDKROOT = iphoneos;
				SWIFT_ACTIVE_COMPILATION_CONDITIONS = "DEBUG $(inherited)";
				SWIFT_OPTIMIZATION_LEVEL = "-Onone";
			};
			name = Debug;
		};
		FEF4685B2B2F683600588855 /* Release */ = {
			isa = XCBuildConfiguration;
			buildSettings = {
				ALWAYS_SEARCH_USER_PATHS = NO;
				ASSETCATALOG_COMPILER_GENERATE_SWIFT_ASSET_SYMBOL_EXTENSIONS = YES;
				CLANG_ANALYZER_NONNULL = YES;
				CLANG_ANALYZER_NUMBER_OBJECT_CONVERSION = YES_AGGRESSIVE;
				CLANG_CXX_LANGUAGE_STANDARD = "gnu++20";
				CLANG_ENABLE_MODULES = YES;
				CLANG_ENABLE_OBJC_ARC = YES;
				CLANG_ENABLE_OBJC_WEAK = YES;
				CLANG_WARN_BLOCK_CAPTURE_AUTORELEASING = YES;
				CLANG_WARN_BOOL_CONVERSION = YES;
				CLANG_WARN_COMMA = YES;
				CLANG_WARN_CONSTANT_CONVERSION = YES;
				CLANG_WARN_DEPRECATED_OBJC_IMPLEMENTATIONS = YES;
				CLANG_WARN_DIRECT_OBJC_ISA_USAGE = YES_ERROR;
				CLANG_WARN_DOCUMENTATION_COMMENTS = YES;
				CLANG_WARN_EMPTY_BODY = YES;
				CLANG_WARN_ENUM_CONVERSION = YES;
				CLANG_WARN_INFINITE_RECURSION = YES;
				CLANG_WARN_INT_CONVERSION = YES;
				CLANG_WARN_NON_LITERAL_NULL_CONVERSION = YES;
				CLANG_WARN_OBJC_IMPLICIT_RETAIN_SELF = YES;
				CLANG_WARN_OBJC_LITERAL_CONVERSION = YES;
				CLANG_WARN_OBJC_ROOT_CLASS = YES_ERROR;
				CLANG_WARN_QUOTED_INCLUDE_IN_FRAMEWORK_HEADER = YES;
				CLANG_WARN_RANGE_LOOP_ANALYSIS = YES;
				CLANG_WARN_STRICT_PROTOTYPES = YES;
				CLANG_WARN_SUSPICIOUS_MOVE = YES;
				CLANG_WARN_UNGUARDED_AVAILABILITY = YES_AGGRESSIVE;
				CLANG_WARN_UNREACHABLE_CODE = YES;
				CLANG_WARN__DUPLICATE_METHOD_MATCH = YES;
				COPY_PHASE_STRIP = NO;
				DEBUG_INFORMATION_FORMAT = "dwarf-with-dsym";
				ENABLE_NS_ASSERTIONS = NO;
				ENABLE_STRICT_OBJC_MSGSEND = YES;
				ENABLE_USER_SCRIPT_SANDBOXING = YES;
				GCC_C_LANGUAGE_STANDARD = gnu17;
				GCC_NO_COMMON_BLOCKS = YES;
				GCC_WARN_64_TO_32_BIT_CONVERSION = YES;
				GCC_WARN_ABOUT_RETURN_TYPE = YES_ERROR;
				GCC_WARN_UNDECLARED_SELECTOR = YES;
				GCC_WARN_UNINITIALIZED_AUTOS = YES_AGGRESSIVE;
				GCC_WARN_UNUSED_FUNCTION = YES;
				GCC_WARN_UNUSED_VARIABLE = YES;
				IPHONEOS_DEPLOYMENT_TARGET = 17.2;
				LOCALIZATION_PREFERS_STRING_CATALOGS = YES;
				MTL_ENABLE_DEBUG_INFO = NO;
				MTL_FAST_MATH = YES;
				PRODUCT_BUNDLE_IDENTIFIER = "${PRODUCT_NAME}";
				PRODUCT_NAME = MusicPlayer;
				SDKROOT = iphoneos;
				SWIFT_COMPILATION_MODE = wholemodule;
				VALIDATE_PRODUCT = YES;
			};
			name = Release;
		};
		FEF4685D2B2F683600588855 /* Debug */ = {
			isa = XCBuildConfiguration;
			buildSettings = {
				ASSETCATALOG_COMPILER_APPICON_NAME = AppIcon;
				ASSETCATALOG_COMPILER_GLOBAL_ACCENT_COLOR_NAME = AccentColor;
				CODE_SIGN_IDENTITY = "Apple Development";
				CODE_SIGN_STYLE = Automatic;
				CURRENT_PROJECT_VERSION = 1;
				DEVELOPMENT_ASSET_PATHS = "\"${PRODUCT_NAME}/Preview Content\"";
				DEVELOPMENT_TEAM = A8Y934D4ZY;
				ENABLE_PREVIEWS = YES;
				GENERATE_INFOPLIST_FILE = YES;
				INFOPLIST_FILE = "${PRODUCT_NAME}/Info.plist";
				INFOPLIST_KEY_LSApplicationCategoryType = "public.app-category.music";
				INFOPLIST_KEY_UIApplicationSceneManifest_Generation = YES;
				INFOPLIST_KEY_UIApplicationSupportsIndirectInputEvents = YES;
				INFOPLIST_KEY_UILaunchScreen_Generation = YES;
				INFOPLIST_KEY_UISupportedInterfaceOrientations = UIInterfaceOrientationPortrait;
				INFOPLIST_KEY_UISupportedInterfaceOrientations_iPad = "UIInterfaceOrientationLandscapeLeft UIInterfaceOrientationLandscapeRight UIInterfaceOrientationPortrait UIInterfaceOrientationPortraitUpsideDown";
				LD_RUNPATH_SEARCH_PATHS = (
					"$(inherited)",
					"@executable_path/Frameworks",
				);
				MARKETING_VERSION = 1.0;
				PRODUCT_BUNDLE_IDENTIFIER = "com.loicleforestier.${PRODUCT_NAME}";
				PRODUCT_NAME = "$(TARGET_NAME)";
				PROVISIONING_PROFILE_SPECIFIER = "";
				SWIFT_EMIT_LOC_STRINGS = YES;
				SWIFT_VERSION = 5.0;
				TARGETED_DEVICE_FAMILY = "1,2";
			};
			name = Debug;
		};
		FEF4685E2B2F683600588855 /* Release */ = {
			isa = XCBuildConfiguration;
			buildSettings = {
				ASSETCATALOG_COMPILER_APPICON_NAME = AppIcon;
				ASSETCATALOG_COMPILER_GLOBAL_ACCENT_COLOR_NAME = AccentColor;
				CODE_SIGN_IDENTITY = "Apple Development";
				CODE_SIGN_STYLE = Automatic;
				CURRENT_PROJECT_VERSION = 1;
				DEVELOPMENT_ASSET_PATHS = "\"${PRODUCT_NAME}/Preview Content\"";
				DEVELOPMENT_TEAM = A8Y934D4ZY;
				ENABLE_PREVIEWS = YES;
				GENERATE_INFOPLIST_FILE = YES;
				INFOPLIST_FILE = "${PRODUCT_NAME}/Info.plist";
				INFOPLIST_KEY_LSApplicationCategoryType = "public.app-category.music";
				INFOPLIST_KEY_UIApplicationSceneManifest_Generation = YES;
				INFOPLIST_KEY_UIApplicationSupportsIndirectInputEvents = YES;
				INFOPLIST_KEY_UILaunchScreen_Generation = YES;
				INFOPLIST_KEY_UISupportedInterfaceOrientations = UIInterfaceOrientationPortrait;
				INFOPLIST_KEY_UISupportedInterfaceOrientations_iPad = "UIInterfaceOrientationLandscapeLeft UIInterfaceOrientationLandscapeRight UIInterfaceOrientationPortrait UIInterfaceOrientationPortraitUpsideDown";
				LD_RUNPATH_SEARCH_PATHS = (
					"$(inherited)",
					"@executable_path/Frameworks",
				);
				MARKETING_VERSION = 1.0;
				PRODUCT_BUNDLE_IDENTIFIER = "com.loicleforestier.${PRODUCT_NAME}";
				PRODUCT_NAME = "$(TARGET_NAME)";
				PROVISIONING_PROFILE_SPECIFIER = "";
				SWIFT_EMIT_LOC_STRINGS = YES;
				SWIFT_VERSION = 5.0;
				TARGETED_DEVICE_FAMILY = "1,2";
			};
			name = Release;
		};
/* End XCBuildConfiguration section */

/* Begin XCConfigurationList section */
		FEF468492B2F683500588855 /* Build configuration list for PBXProject "MusicPlayer" */ = {
			isa = XCConfigurationList;
			buildConfigurations = (
				FEF4685A2B2F683600588855 /* Debug */,
				FEF4685B2B2F683600588855 /* Release */,
			);
			defaultConfigurationIsVisible = 0;
			defaultConfigurationName = Release;
		};
		FEF4685C2B2F683600588855 /* Build configuration list for PBXNativeTarget "MusicPlayer" */ = {
			isa = XCConfigurationList;
			buildConfigurations = (
				FEF4685D2B2F683600588855 /* Debug */,
				FEF4685E2B2F683600588855 /* Release */,
			);
			defaultConfigurationIsVisible = 0;
			defaultConfigurationName = Release;
		};
/* End XCConfigurationList section */
	};
	rootObject = FEF468462B2F683500588855 /* Project object */;
}
